
Microsoft Visual Studio Solution File, Format Version 12.00
# Visual Studio Version 17
VisualStudioVersion = 17.1.32407.343
MinimumVisualStudioVersion = 10.0.40219.1
Project("{FAE04EC0-301F-11D3-BF4B-00C04F79EFBC}") = "RabbitMQ", "RabbitMQ\RabbitMQ.csproj", "{01A4E1DD-9230-4E7B-820D-DDF4A877EB0D}"
EndProject
Global
	GlobalSection(SolutionConfigurationPlatforms) = preSolution
		Debug|Any CPU = Debug|Any CPU
		Release|Any CPU = Release|Any CPU
	EndGlobalSection
	GlobalSection(ProjectConfigurationPlatforms) = postSolution
		{01A4E1DD-9230-4E7B-820D-DDF4A877EB0D}.Debug|Any CPU.ActiveCfg = Debug|Any CPU
		{01A4E1DD-9230-4E7B-820D-DDF4A877EB0D}.Debug|Any CPU.Build.0 = Debug|Any CPU
		{01A4E1DD-9230-4E7B-820D-DDF4A877EB0D}.Release|Any CPU.ActiveCfg = Release|Any CPU
		{01A4E1DD-9230-4E7B-820D-DDF4A877EB0D}.Release|Any CPU.Build.0 = Release|Any CPU
	EndGlobalSection
	GlobalSection(SolutionProperties) = preSolution
		HideSolutionNode = FALSE
	EndGlobalSection
	GlobalSection(ExtensibilityGlobals) = postSolution
		SolutionGuid = {7EAE3C21-EB38-4F34-859A-02EDA3349D0F}
	EndGlobalSection
EndGlobal
